
Microsoft Visual Studio Solution File, Format Version 12.00
# Visual Studio Version 17
VisualStudioVersion = 17.9.34728.123
MinimumVisualStudioVersion = 10.0.40219.1
Project("{FAE04EC0-301F-11D3-BF4B-00C04F79EFBC}") = "TechBankAPI", "TechBankAPI.csproj", "{2C5F4CF8-B089-41B1-9EF9-C027F99A6EFB}"
EndProject
Global
	GlobalSection(SolutionConfigurationPlatforms) = preSolution
		Debug|Any CPU = Debug|Any CPU
		Release|Any CPU = Release|Any CPU
	EndGlobalSection
	GlobalSection(ProjectConfigurationPlatforms) = postSolution
		{2C5F4CF8-B089-41B1-9EF9-C027F99A6EFB}.Debug|Any CPU.ActiveCfg = Debug|Any CPU
		{2C5F4CF8-B089-41B1-9EF9-C027F99A6EFB}.Debug|Any CPU.Build.0 = Debug|Any CPU
		{2C5F4CF8-B089-41B1-9EF9-C027F99A6EFB}.Release|Any CPU.ActiveCfg = Release|Any CPU
		{2C5F4CF8-B089-41B1-9EF9-C027F99A6EFB}.Release|Any CPU.Build.0 = Release|Any CPU
	EndGlobalSection
	GlobalSection(SolutionProperties) = preSolution
		HideSolutionNode = FALSE
	EndGlobalSection
	GlobalSection(ExtensibilityGlobals) = postSolution
		SolutionGuid = {688AA282-B5DD-4777-8BD8-273BBBF6C03F}
	EndGlobalSection
EndGlobal
